
Microsoft Visual Studio Solution File, Format Version 12.00
# Visual Studio Version 17
VisualStudioVersion = 17.0.32112.339
MinimumVisualStudioVersion = 10.0.40219.1
Project("{FAE04EC0-301F-11D3-BF4B-00C04F79EFBC}") = "JobPortal.Web", "JobPortal.Web\JobPortal.Web.csproj", "{49999DCB-CC5F-40AE-8268-B0D4CE53B090}"
	ProjectSection(ProjectDependencies) = postProject
		{6AD9BA00-1330-426D-8BAE-2D3BC0D976E4} = {6AD9BA00-1330-426D-8BAE-2D3BC0D976E4}
		{8DB68D0A-BD61-4AEB-A17C-78562B2CCE53} = {8DB68D0A-BD61-4AEB-A17C-78562B2CCE53}
		{A022A813-8994-45F0-98FA-0F84E73893A5} = {A022A813-8994-45F0-98FA-0F84E73893A5}
		{631E403B-7337-40DD-9234-2A1498B272AB} = {631E403B-7337-40DD-9234-2A1498B272AB}
		{FCD9283E-6D7D-4189-A124-23F3F5F6B859} = {FCD9283E-6D7D-4189-A124-23F3F5F6B859}
		{BE80A347-5A91-43F3-A32E-746FC9002947} = {BE80A347-5A91-43F3-A32E-746FC9002947}
		{D982A560-A7EE-4392-9B34-EBFBF22DA4AA} = {D982A560-A7EE-4392-9B34-EBFBF22DA4AA}
		{0F40D279-4ECE-45AF-B3A5-BE712F08FBB5} = {0F40D279-4ECE-45AF-B3A5-BE712F08FBB5}
		{012DD67D-4B61-4119-BD90-7E725EE0BAC2} = {012DD67D-4B61-4119-BD90-7E725EE0BAC2}
		{A03F6185-7470-4895-B43A-FE8AE3F345B1} = {A03F6185-7470-4895-B43A-FE8AE3F345B1}
		{CCE4F690-EAFD-4753-B732-2A0790FD5DB9} = {CCE4F690-EAFD-4753-B732-2A0790FD5DB9}
		{62FDE4A0-7F30-4487-9654-4430209E3A27} = {62FDE4A0-7F30-4487-9654-4430209E3A27}
		{BC14E7A1-A816-4ED7-87B0-90FABF99120C} = {BC14E7A1-A816-4ED7-87B0-90FABF99120C}
		{22D078A3-83F1-4C0C-AD04-C86B555245B2} = {22D078A3-83F1-4C0C-AD04-C86B555245B2}
		{49A025A7-93D8-4C65-B5F8-66B51C752195} = {49A025A7-93D8-4C65-B5F8-66B51C752195}
		{A23CB5A9-4F7A-4538-9133-EA05198699F4} = {A23CB5A9-4F7A-4538-9133-EA05198699F4}
		{689FAEC9-FE86-44CD-82C7-69CC645F3DE2} = {689FAEC9-FE86-44CD-82C7-69CC645F3DE2}
		{A0824BD4-114D-42BD-847E-E8F87519642F} = {A0824BD4-114D-42BD-847E-E8F87519642F}
		{8C18A3F6-38C3-4F31-A752-13F7B8AC8F05} = {8C18A3F6-38C3-4F31-A752-13F7B8AC8F05}
	EndProjectSection
EndProject
Project("{FAE04EC0-301F-11D3-BF4B-00C04F79EFBC}") = "JobPortal.Data", "JobPortal.Data\JobPortal.Data.csproj", "{689FAEC9-FE86-44CD-82C7-69CC645F3DE2}"
EndProject
Project("{FAE04EC0-301F-11D3-BF4B-00C04F79EFBC}") = "JobPortal.Domain", "JobPortal.Domain\JobPortal.Domain.csproj", "{A0824BD4-114D-42BD-847E-E8F87519642F}"
EndProject
Project("{FAE04EC0-301F-11D3-BF4B-00C04F79EFBC}") = "JobPortal.Library", "JobPortal.Library\JobPortal.Library.csproj", "{49A025A7-93D8-4C65-B5F8-66B51C752195}"
EndProject
Project("{FAE04EC0-301F-11D3-BF4B-00C04F79EFBC}") = "Owin.Security.Providers", "Owin.Security.Providers\Owin.Security.Providers.csproj", "{6AD9BA00-1330-426D-8BAE-2D3BC0D976E4}"
EndProject
Project("{FAE04EC0-301F-11D3-BF4B-00C04F79EFBC}") = "JoblistingReminderService", "Joblisting.Services.Invitation\JoblistingReminderService.csproj", "{BE80A347-5A91-43F3-A32E-746FC9002947}"
EndProject
Project("{FAE04EC0-301F-11D3-BF4B-00C04F79EFBC}") = "NotificationService", "NotificationService\NotificationService.csproj", "{62FDE4A0-7F30-4487-9654-4430209E3A27}"
EndProject
Project("{FAE04EC0-301F-11D3-BF4B-00C04F79EFBC}") = "JobPortal.Models", "JobPortal.Models\JobPortal.Models.csproj", "{CCE4F690-EAFD-4753-B732-2A0790FD5DB9}"
EndProject
Project("{FAE04EC0-301F-11D3-BF4B-00C04F79EFBC}") = "JoblistingInvitationService", "JoblistingInvitationService\JoblistingInvitationService.csproj", "{8C18A3F6-38C3-4F31-A752-13F7B8AC8F05}"
EndProject
Project("{FAE04EC0-301F-11D3-BF4B-00C04F79EFBC}") = "JoblistingUserVerifyingService", "JoblistingUserVerifyingService\JoblistingUserVerifyingService.csproj", "{BC14E7A1-A816-4ED7-87B0-90FABF99120C}"
EndProject
Project("{FAE04EC0-301F-11D3-BF4B-00C04F79EFBC}") = "JoblistingAnnouncementService", "JoblistingAnnouncementService\JoblistingAnnouncementService.csproj", "{22D078A3-83F1-4C0C-AD04-C86B555245B2}"
EndProject
Project("{FAE04EC0-301F-11D3-BF4B-00C04F79EFBC}") = "JoblistingBirthdayService", "JoblistingBirthdayService\JoblistingBirthdayService.csproj", "{FCD9283E-6D7D-4189-A124-23F3F5F6B859}"
EndProject
Project("{FAE04EC0-301F-11D3-BF4B-00C04F79EFBC}") = "JoblistingInviteSMSService", "JoblistingPhoneInviteService\JoblistingInviteSMSService.csproj", "{D982A560-A7EE-4392-9B34-EBFBF22DA4AA}"
EndProject
Project("{FAE04EC0-301F-11D3-BF4B-00C04F79EFBC}") = "JoblistingPeopleYouMayKnowService", "JoblistingPeopleYouMayKnowService\JoblistingPeopleYouMayKnowService.csproj", "{631E403B-7337-40DD-9234-2A1498B272AB}"
EndProject
Project("{FAE04EC0-301F-11D3-BF4B-00C04F79EFBC}") = "JobslitingActivityService", "JobslitingActivityService\JobslitingActivityService.csproj", "{012DD67D-4B61-4119-BD90-7E725EE0BAC2}"
EndProject
Project("{FAE04EC0-301F-11D3-BF4B-00C04F79EFBC}") = "JobPortal.Services", "JobPortal.Services\JobPortal.Services.csproj", "{0F40D279-4ECE-45AF-B3A5-BE712F08FBB5}"
EndProject
Project("{FAE04EC0-301F-11D3-BF4B-00C04F79EFBC}") = "JoblistingVerificationService", "JoblistingVerificationService\JoblistingVerificationService.csproj", "{A23CB5A9-4F7A-4538-9133-EA05198699F4}"
EndProject
Project("{FAE04EC0-301F-11D3-BF4B-00C04F79EFBC}") = "JobPortal.Payments", "JobPortal.Payments\JobPortal.Payments.csproj", "{A022A813-8994-45F0-98FA-0F84E73893A5}"
EndProject
Project("{FAE04EC0-301F-11D3-BF4B-00C04F79EFBC}") = "LinkedIn.Api.Client.Core", "LinkedIn\LinkedIn.Api.Client.Core\LinkedIn.Api.Client.Core.csproj", "{8DB68D0A-BD61-4AEB-A17C-78562B2CCE53}"
EndProject
Project("{FAE04EC0-301F-11D3-BF4B-00C04F79EFBC}") = "LinkedIn.Api.Client.Owin", "LinkedIn\LinkedIn.Api.Client.Owin\LinkedIn.Api.Client.Owin.csproj", "{A03F6185-7470-4895-B43A-FE8AE3F345B1}"
EndProject
Global
	GlobalSection(SolutionConfigurationPlatforms) = preSolution
		Debug|Any CPU = Debug|Any CPU
		Release|Any CPU = Release|Any CPU
	EndGlobalSection
	GlobalSection(ProjectConfigurationPlatforms) = postSolution
		{49999DCB-CC5F-40AE-8268-B0D4CE53B090}.Debug|Any CPU.ActiveCfg = Debug|Any CPU
		{49999DCB-CC5F-40AE-8268-B0D4CE53B090}.Debug|Any CPU.Build.0 = Debug|Any CPU
		{49999DCB-CC5F-40AE-8268-B0D4CE53B090}.Release|Any CPU.ActiveCfg = Release|Any CPU
		{49999DCB-CC5F-40AE-8268-B0D4CE53B090}.Release|Any CPU.Build.0 = Release|Any CPU
		{689FAEC9-FE86-44CD-82C7-69CC645F3DE2}.Debug|Any CPU.ActiveCfg = Debug|Any CPU
		{689FAEC9-FE86-44CD-82C7-69CC645F3DE2}.Debug|Any CPU.Build.0 = Debug|Any CPU
		{689FAEC9-FE86-44CD-82C7-69CC645F3DE2}.Release|Any CPU.ActiveCfg = Release|Any CPU
		{689FAEC9-FE86-44CD-82C7-69CC645F3DE2}.Release|Any CPU.Build.0 = Release|Any CPU
		{A0824BD4-114D-42BD-847E-E8F87519642F}.Debug|Any CPU.ActiveCfg = Debug|Any CPU
		{A0824BD4-114D-42BD-847E-E8F87519642F}.Debug|Any CPU.Build.0 = Debug|Any CPU
		{A0824BD4-114D-42BD-847E-E8F87519642F}.Release|Any CPU.ActiveCfg = Release|Any CPU
		{A0824BD4-114D-42BD-847E-E8F87519642F}.Release|Any CPU.Build.0 = Release|Any CPU
		{49A025A7-93D8-4C65-B5F8-66B51C752195}.Debug|Any CPU.ActiveCfg = Debug|Any CPU
		{49A025A7-93D8-4C65-B5F8-66B51C752195}.Debug|Any CPU.Build.0 = Debug|Any CPU
		{49A025A7-93D8-4C65-B5F8-66B51C752195}.Release|Any CPU.ActiveCfg = Release|Any CPU
		{49A025A7-93D8-4C65-B5F8-66B51C752195}.Release|Any CPU.Build.0 = Release|Any CPU
		{6AD9BA00-1330-426D-8BAE-2D3BC0D976E4}.Debug|Any CPU.ActiveCfg = Debug|Any CPU
		{6AD9BA00-1330-426D-8BAE-2D3BC0D976E4}.Debug|Any CPU.Build.0 = Debug|Any CPU
		{6AD9BA00-1330-426D-8BAE-2D3BC0D976E4}.Release|Any CPU.ActiveCfg = Release|Any CPU
		{6AD9BA00-1330-426D-8BAE-2D3BC0D976E4}.Release|Any CPU.Build.0 = Release|Any CPU
		{BE80A347-5A91-43F3-A32E-746FC9002947}.Debug|Any CPU.ActiveCfg = Debug|Any CPU
		{BE80A347-5A91-43F3-A32E-746FC9002947}.Debug|Any CPU.Build.0 = Debug|Any CPU
		{BE80A347-5A91-43F3-A32E-746FC9002947}.Debug|Any CPU.Deploy.0 = Debug|Any CPU
		{BE80A347-5A91-43F3-A32E-746FC9002947}.Release|Any CPU.ActiveCfg = Release|Any CPU
		{BE80A347-5A91-43F3-A32E-746FC9002947}.Release|Any CPU.Build.0 = Release|Any CPU
		{62FDE4A0-7F30-4487-9654-4430209E3A27}.Debug|Any CPU.ActiveCfg = Debug|Any CPU
		{62FDE4A0-7F30-4487-9654-4430209E3A27}.Debug|Any CPU.Build.0 = Debug|Any CPU
		{62FDE4A0-7F30-4487-9654-4430209E3A27}.Release|Any CPU.ActiveCfg = Release|Any CPU
		{62FDE4A0-7F30-4487-9654-4430209E3A27}.Release|Any CPU.Build.0 = Release|Any CPU
		{CCE4F690-EAFD-4753-B732-2A0790FD5DB9}.Debug|Any CPU.ActiveCfg = Debug|Any CPU
		{CCE4F690-EAFD-4753-B732-2A0790FD5DB9}.Debug|Any CPU.Build.0 = Debug|Any CPU
		{CCE4F690-EAFD-4753-B732-2A0790FD5DB9}.Release|Any CPU.ActiveCfg = Release|Any CPU
		{CCE4F690-EAFD-4753-B732-2A0790FD5DB9}.Release|Any CPU.Build.0 = Release|Any CPU
		{8C18A3F6-38C3-4F31-A752-13F7B8AC8F05}.Debug|Any CPU.ActiveCfg = Debug|Any CPU
		{8C18A3F6-38C3-4F31-A752-13F7B8AC8F05}.Debug|Any CPU.Build.0 = Debug|Any CPU
		{8C18A3F6-38C3-4F31-A752-13F7B8AC8F05}.Release|Any CPU.ActiveCfg = Release|Any CPU
		{8C18A3F6-38C3-4F31-A752-13F7B8AC8F05}.Release|Any CPU.Build.0 = Release|Any CPU
		{BC14E7A1-A816-4ED7-87B0-90FABF99120C}.Debug|Any CPU.ActiveCfg = Debug|Any CPU
		{BC14E7A1-A816-4ED7-87B0-90FABF99120C}.Debug|Any CPU.Build.0 = Debug|Any CPU
		{BC14E7A1-A816-4ED7-87B0-90FABF99120C}.Release|Any CPU.ActiveCfg = Release|Any CPU
		{BC14E7A1-A816-4ED7-87B0-90FABF99120C}.Release|Any CPU.Build.0 = Release|Any CPU
		{22D078A3-83F1-4C0C-AD04-C86B555245B2}.Debug|Any CPU.ActiveCfg = Debug|Any CPU
		{22D078A3-83F1-4C0C-AD04-C86B555245B2}.Debug|Any CPU.Build.0 = Debug|Any CPU
		{22D078A3-83F1-4C0C-AD04-C86B555245B2}.Release|Any CPU.ActiveCfg = Release|Any CPU
		{22D078A3-83F1-4C0C-AD04-C86B555245B2}.Release|Any CPU.Build.0 = Release|Any CPU
		{FCD9283E-6D7D-4189-A124-23F3F5F6B859}.Debug|Any CPU.ActiveCfg = Debug|Any CPU
		{FCD9283E-6D7D-4189-A124-23F3F5F6B859}.Debug|Any CPU.Build.0 = Debug|Any CPU
		{FCD9283E-6D7D-4189-A124-23F3F5F6B859}.Release|Any CPU.ActiveCfg = Release|Any CPU
		{FCD9283E-6D7D-4189-A124-23F3F5F6B859}.Release|Any CPU.Build.0 = Release|Any CPU
		{D982A560-A7EE-4392-9B34-EBFBF22DA4AA}.Debug|Any CPU.ActiveCfg = Debug|Any CPU
		{D982A560-A7EE-4392-9B34-EBFBF22DA4AA}.Debug|Any CPU.Build.0 = Debug|Any CPU
		{D982A560-A7EE-4392-9B34-EBFBF22DA4AA}.Release|Any CPU.ActiveCfg = Release|Any CPU
		{D982A560-A7EE-4392-9B34-EBFBF22DA4AA}.Release|Any CPU.Build.0 = Release|Any CPU
		{631E403B-7337-40DD-9234-2A1498B272AB}.Debug|Any CPU.ActiveCfg = Debug|Any CPU
		{631E403B-7337-40DD-9234-2A1498B272AB}.Debug|Any CPU.Build.0 = Debug|Any CPU
		{631E403B-7337-40DD-9234-2A1498B272AB}.Release|Any CPU.ActiveCfg = Release|Any CPU
		{631E403B-7337-40DD-9234-2A1498B272AB}.Release|Any CPU.Build.0 = Release|Any CPU
		{012DD67D-4B61-4119-BD90-7E725EE0BAC2}.Debug|Any CPU.ActiveCfg = Debug|Any CPU
		{012DD67D-4B61-4119-BD90-7E725EE0BAC2}.Debug|Any CPU.Build.0 = Debug|Any CPU
		{012DD67D-4B61-4119-BD90-7E725EE0BAC2}.Release|Any CPU.ActiveCfg = Release|Any CPU
		{012DD67D-4B61-4119-BD90-7E725EE0BAC2}.Release|Any CPU.Build.0 = Release|Any CPU
		{0F40D279-4ECE-45AF-B3A5-BE712F08FBB5}.Debug|Any CPU.ActiveCfg = Debug|Any CPU
		{0F40D279-4ECE-45AF-B3A5-BE712F08FBB5}.Debug|Any CPU.Build.0 = Debug|Any CPU
		{0F40D279-4ECE-45AF-B3A5-BE712F08FBB5}.Release|Any CPU.ActiveCfg = Release|Any CPU
		{0F40D279-4ECE-45AF-B3A5-BE712F08FBB5}.Release|Any CPU.Build.0 = Release|Any CPU
		{A23CB5A9-4F7A-4538-9133-EA05198699F4}.Debug|Any CPU.ActiveCfg = Debug|Any CPU
		{A23CB5A9-4F7A-4538-9133-EA05198699F4}.Debug|Any CPU.Build.0 = Debug|Any CPU
		{A23CB5A9-4F7A-4538-9133-EA05198699F4}.Release|Any CPU.ActiveCfg = Release|Any CPU
		{A23CB5A9-4F7A-4538-9133-EA05198699F4}.Release|Any CPU.Build.0 = Release|Any CPU
		{A022A813-8994-45F0-98FA-0F84E73893A5}.Debug|Any CPU.ActiveCfg = Debug|Any CPU
		{A022A813-8994-45F0-98FA-0F84E73893A5}.Debug|Any CPU.Build.0 = Debug|Any CPU
		{A022A813-8994-45F0-98FA-0F84E73893A5}.Release|Any CPU.ActiveCfg = Release|Any CPU
		{A022A813-8994-45F0-98FA-0F84E73893A5}.Release|Any CPU.Build.0 = Release|Any CPU
		{8DB68D0A-BD61-4AEB-A17C-78562B2CCE53}.Debug|Any CPU.ActiveCfg = Debug|Any CPU
		{8DB68D0A-BD61-4AEB-A17C-78562B2CCE53}.Debug|Any CPU.Build.0 = Debug|Any CPU
		{8DB68D0A-BD61-4AEB-A17C-78562B2CCE53}.Release|Any CPU.ActiveCfg = Release|Any CPU
		{8DB68D0A-BD61-4AEB-A17C-78562B2CCE53}.Release|Any CPU.Build.0 = Release|Any CPU
		{A03F6185-7470-4895-B43A-FE8AE3F345B1}.Debug|Any CPU.ActiveCfg = Debug|Any CPU
		{A03F6185-7470-4895-B43A-FE8AE3F345B1}.Debug|Any CPU.Build.0 = Debug|Any CPU
		{A03F6185-7470-4895-B43A-FE8AE3F345B1}.Release|Any CPU.ActiveCfg = Release|Any CPU
		{A03F6185-7470-4895-B43A-FE8AE3F345B1}.Release|Any CPU.Build.0 = Release|Any CPU
	EndGlobalSection
	GlobalSection(SolutionProperties) = preSolution
		HideSolutionNode = FALSE
	EndGlobalSection
	GlobalSection(ExtensibilityGlobals) = postSolution
		SolutionGuid = {AA7FD480-43CB-40C3-93E8-77E65C050084}
	EndGlobalSection
	GlobalSection(SubversionScc) = preSolution
		Svn-Managed = True
		Manager = AnkhSVN - Subversion Support for Visual Studio
	EndGlobalSection
EndGlobal
